// !$*UTF8*$!
{
	archiveVersion = 1;
	classes = {
	};
	objectVersion = 56;
	objects = {

/* Begin PBXBuildFile section */
		C87BBD6929CC89730008C18E /* Earth_HeroesApp.swift in Sources */ = {isa = PBXBuildFile; fileRef = C87BBD6829CC89730008C18E /* Earth_HeroesApp.swift */; };
		C87BBD6B29CC89730008C18E /* ContentView.swift in Sources */ = {isa = PBXBuildFile; fileRef = C87BBD6A29CC89730008C18E /* ContentView.swift */; };
		C87BBD6D29CC89740008C18E /* Assets.xcassets in Resources */ = {isa = PBXBuildFile; fileRef = C87BBD6C29CC89740008C18E /* Assets.xcassets */; };
		C87BBD7029CC89740008C18E /* Preview Assets.xcassets in Resources */ = {isa = PBXBuildFile; fileRef = C87BBD6F29CC89740008C18E /* Preview Assets.xcassets */; };
		C87BBD8229CDDDE10008C18E /* GameView.swift in Sources */ = {isa = PBXBuildFile; fileRef = C87BBD8129CDDDE10008C18E /* GameView.swift */; };
		C87BBD8429CDDDE90008C18E /* FunfactsView.swift in Sources */ = {isa = PBXBuildFile; fileRef = C87BBD8329CDDDE90008C18E /* FunfactsView.swift */; };
		C87BBD8729CDE3E10008C18E /* HeroButton.swift in Sources */ = {isa = PBXBuildFile; fileRef = C87BBD8629CDE3E10008C18E /* HeroButton.swift */; };
		C87BBD8A29CDEA8C0008C18E /* GameplayView.swift in Sources */ = {isa = PBXBuildFile; fileRef = C87BBD8929CDEA8C0008C18E /* GameplayView.swift */; };
		C87BBD8C29CDEA9A0008C18E /* ScoreboardView.swift in Sources */ = {isa = PBXBuildFile; fileRef = C87BBD8B29CDEA9A0008C18E /* ScoreboardView.swift */; };
		C87BBD8E29CDEAA50008C18E /* AchievementsView.swift in Sources */ = {isa = PBXBuildFile; fileRef = C87BBD8D29CDEAA50008C18E /* AchievementsView.swift */; };
		C87BBD9029CDEAAD0008C18E /* SettingsView.swift in Sources */ = {isa = PBXBuildFile; fileRef = C87BBD8F29CDEAAD0008C18E /* SettingsView.swift */; };
		C87BBD9229CDEB560008C18E /* HeroPage.swift in Sources */ = {isa = PBXBuildFile; fileRef = C87BBD9129CDEB560008C18E /* HeroPage.swift */; };
		C87BBD9429CDEB790008C18E /* AppViewModel.swift in Sources */ = {isa = PBXBuildFile; fileRef = C87BBD9329CDEB790008C18E /* AppViewModel.swift */; };
		C87BBD9629CDF02D0008C18E /* PageBar.swift in Sources */ = {isa = PBXBuildFile; fileRef = C87BBD9529CDF02D0008C18E /* PageBar.swift */; };
		C87BBD9D29CDF34D0008C18E /* LondrinaSolid-Black.ttf in Resources */ = {isa = PBXBuildFile; fileRef = C87BBD9829CDF34D0008C18E /* LondrinaSolid-Black.ttf */; };
		C87BBD9E29CDF34D0008C18E /* LondrinaSolid-Thin.ttf in Resources */ = {isa = PBXBuildFile; fileRef = C87BBD9929CDF34D0008C18E /* LondrinaSolid-Thin.ttf */; };
		C87BBD9F29CDF34D0008C18E /* OFL.txt in Resources */ = {isa = PBXBuildFile; fileRef = C87BBD9A29CDF34D0008C18E /* OFL.txt */; };
		C87BBDA029CDF34D0008C18E /* LondrinaSolid-Light.ttf in Resources */ = {isa = PBXBuildFile; fileRef = C87BBD9B29CDF34D0008C18E /* LondrinaSolid-Light.ttf */; };
		C87BBDA129CDF34D0008C18E /* LondrinaSolid-Regular.ttf in Resources */ = {isa = PBXBuildFile; fileRef = C87BBD9C29CDF34D0008C18E /* LondrinaSolid-Regular.ttf */; };
		C87BBDA429CDF3B60008C18E /* HeroTitle.swift in Sources */ = {isa = PBXBuildFile; fileRef = C87BBDA329CDF3B60008C18E /* HeroTitle.swift */; };
		C87BBDAA29CDF53D0008C18E /* CustomTabBarView.swift in Sources */ = {isa = PBXBuildFile; fileRef = C87BBDA629CDF53D0008C18E /* CustomTabBarView.swift */; };
		C87BBDAB29CDF53D0008C18E /* TabBarItemsPreferenceKey.swift in Sources */ = {isa = PBXBuildFile; fileRef = C87BBDA729CDF53D0008C18E /* TabBarItemsPreferenceKey.swift */; };
		C87BBDAC29CDF53D0008C18E /* TabBarItem.swift in Sources */ = {isa = PBXBuildFile; fileRef = C87BBDA829CDF53D0008C18E /* TabBarItem.swift */; };
		C87BBDAD29CDF53D0008C18E /* CustomTabBarContainerView.swift in Sources */ = {isa = PBXBuildFile; fileRef = C87BBDA929CDF53D0008C18E /* CustomTabBarContainerView.swift */; };
		C87BBDAF29CDF5C80008C18E /* UIDevice.swift in Sources */ = {isa = PBXBuildFile; fileRef = C87BBDAE29CDF5C80008C18E /* UIDevice.swift */; };
		C87BBDB129CE00C90008C18E /* Game.swift in Sources */ = {isa = PBXBuildFile; fileRef = C87BBDB029CE00C90008C18E /* Game.swift */; };
		C87BBDB329CE01400008C18E /* Question.swift in Sources */ = {isa = PBXBuildFile; fileRef = C87BBDB229CE01400008C18E /* Question.swift */; };
		C87BBDB729CE0F460008C18E /* questions.json in Resources */ = {isa = PBXBuildFile; fileRef = C87BBDB629CE0F460008C18E /* questions.json */; };
		C87BBDB929CE0F880008C18E /* GameViewModel.swift in Sources */ = {isa = PBXBuildFile; fileRef = C87BBDB829CE0F880008C18E /* GameViewModel.swift */; };
		C87BBDBB29CE11B00008C18E /* HeroFont.swift in Sources */ = {isa = PBXBuildFile; fileRef = C87BBDBA29CE11B00008C18E /* HeroFont.swift */; };
		C87BBDBD29CE14390008C18E /* HalfCircle.swift in Sources */ = {isa = PBXBuildFile; fileRef = C87BBDBC29CE14390008C18E /* HalfCircle.swift */; };
		C87BBDC029CE1E960008C18E /* AnswerBox.swift in Sources */ = {isa = PBXBuildFile; fileRef = C87BBDBF29CE1E960008C18E /* AnswerBox.swift */; };
/* End PBXBuildFile section */

/* Begin PBXFileReference section */
		C87BBD6529CC89730008C18E /* Earth Heroes.app */ = {isa = PBXFileReference; explicitFileType = wrapper.application; includeInIndex = 0; path = "Earth Heroes.app"; sourceTree = BUILT_PRODUCTS_DIR; };
		C87BBD6829CC89730008C18E /* Earth_HeroesApp.swift */ = {isa = PBXFileReference; lastKnownFileType = sourcecode.swift; path = Earth_HeroesApp.swift; sourceTree = "<group>"; };
		C87BBD6A29CC89730008C18E /* ContentView.swift */ = {isa = PBXFileReference; lastKnownFileType = sourcecode.swift; path = ContentView.swift; sourceTree = "<group>"; };
		C87BBD6C29CC89740008C18E /* Assets.xcassets */ = {isa = PBXFileReference; lastKnownFileType = folder.assetcatalog; path = Assets.xcassets; sourceTree = "<group>"; };
		C87BBD6F29CC89740008C18E /* Preview Assets.xcassets */ = {isa = PBXFileReference; lastKnownFileType = folder.assetcatalog; path = "Preview Assets.xcassets"; sourceTree = "<group>"; };
		C87BBD7629CC8A370008C18E /* Earth Heroes.entitlements */ = {isa = PBXFileReference; lastKnownFileType = text.plist.entitlements; path = "Earth Heroes.entitlements"; sourceTree = "<group>"; };
		C87BBD8129CDDDE10008C18E /* GameView.swift */ = {isa = PBXFileReference; lastKnownFileType = sourcecode.swift; path = GameView.swift; sourceTree = "<group>"; };
		C87BBD8329CDDDE90008C18E /* FunfactsView.swift */ = {isa = PBXFileReference; lastKnownFileType = sourcecode.swift; path = FunfactsView.swift; sourceTree = "<group>"; };
		C87BBD8629CDE3E10008C18E /* HeroButton.swift */ = {isa = PBXFileReference; lastKnownFileType = sourcecode.swift; path = HeroButton.swift; sourceTree = "<group>"; };
		C87BBD8929CDEA8C0008C18E /* GameplayView.swift */ = {isa = PBXFileReference; lastKnownFileType = sourcecode.swift; path = GameplayView.swift; sourceTree = "<group>"; };
		C87BBD8B29CDEA9A0008C18E /* ScoreboardView.swift */ = {isa = PBXFileReference; lastKnownFileType = sourcecode.swift; path = ScoreboardView.swift; sourceTree = "<group>"; };
		C87BBD8D29CDEAA50008C18E /* AchievementsView.swift */ = {isa = PBXFileReference; lastKnownFileType = sourcecode.swift; path = AchievementsView.swift; sourceTree = "<group>"; };
		C87BBD8F29CDEAAD0008C18E /* SettingsView.swift */ = {isa = PBXFileReference; lastKnownFileType = sourcecode.swift; path = SettingsView.swift; sourceTree = "<group>"; };
		C87BBD9129CDEB560008C18E /* HeroPage.swift */ = {isa = PBXFileReference; lastKnownFileType = sourcecode.swift; path = HeroPage.swift; sourceTree = "<group>"; };
		C87BBD9329CDEB790008C18E /* AppViewModel.swift */ = {isa = PBXFileReference; lastKnownFileType = sourcecode.swift; path = AppViewModel.swift; sourceTree = "<group>"; };
		C87BBD9529CDF02D0008C18E /* PageBar.swift */ = {isa = PBXFileReference; lastKnownFileType = sourcecode.swift; path = PageBar.swift; sourceTree = "<group>"; };
		C87BBD9829CDF34D0008C18E /* LondrinaSolid-Black.ttf */ = {isa = PBXFileReference; lastKnownFileType = file; path = "LondrinaSolid-Black.ttf"; sourceTree = "<group>"; };
		C87BBD9929CDF34D0008C18E /* LondrinaSolid-Thin.ttf */ = {isa = PBXFileReference; lastKnownFileType = file; path = "LondrinaSolid-Thin.ttf"; sourceTree = "<group>"; };
		C87BBD9A29CDF34D0008C18E /* OFL.txt */ = {isa = PBXFileReference; fileEncoding = 4; lastKnownFileType = text; path = OFL.txt; sourceTree = "<group>"; };
		C87BBD9B29CDF34D0008C18E /* LondrinaSolid-Light.ttf */ = {isa = PBXFileReference; lastKnownFileType = file; path = "LondrinaSolid-Light.ttf"; sourceTree = "<group>"; };
		C87BBD9C29CDF34D0008C18E /* LondrinaSolid-Regular.ttf */ = {isa = PBXFileReference; lastKnownFileType = file; path = "LondrinaSolid-Regular.ttf"; sourceTree = "<group>"; };
		C87BBDA229CDF36A0008C18E /* Earth-Heroes-Info.plist */ = {isa = PBXFileReference; lastKnownFileType = text.plist; path = "Earth-Heroes-Info.plist"; sourceTree = SOURCE_ROOT; };
		C87BBDA329CDF3B60008C18E /* HeroTitle.swift */ = {isa = PBXFileReference; lastKnownFileType = sourcecode.swift; path = HeroTitle.swift; sourceTree = "<group>"; };
		C87BBDA629CDF53D0008C18E /* CustomTabBarView.swift */ = {isa = PBXFileReference; fileEncoding = 4; lastKnownFileType = sourcecode.swift; path = CustomTabBarView.swift; sourceTree = "<group>"; };
		C87BBDA729CDF53D0008C18E /* TabBarItemsPreferenceKey.swift */ = {isa = PBXFileReference; fileEncoding = 4; lastKnownFileType = sourcecode.swift; path = TabBarItemsPreferenceKey.swift; sourceTree = "<group>"; };
		C87BBDA829CDF53D0008C18E /* TabBarItem.swift */ = {isa = PBXFileReference; fileEncoding = 4; lastKnownFileType = sourcecode.swift; path = TabBarItem.swift; sourceTree = "<group>"; };
		C87BBDA929CDF53D0008C18E /* CustomTabBarContainerView.swift */ = {isa = PBXFileReference; fileEncoding = 4; lastKnownFileType = sourcecode.swift; path = CustomTabBarContainerView.swift; sourceTree = "<group>"; };
		C87BBDAE29CDF5C80008C18E /* UIDevice.swift */ = {isa = PBXFileReference; fileEncoding = 4; lastKnownFileType = sourcecode.swift; path = UIDevice.swift; sourceTree = "<group>"; };
		C87BBDB029CE00C90008C18E /* Game.swift */ = {isa = PBXFileReference; lastKnownFileType = sourcecode.swift; path = Game.swift; sourceTree = "<group>"; };
		C87BBDB229CE01400008C18E /* Question.swift */ = {isa = PBXFileReference; lastKnownFileType = sourcecode.swift; path = Question.swift; sourceTree = "<group>"; };
		C87BBDB629CE0F460008C18E /* questions.json */ = {isa = PBXFileReference; fileEncoding = 4; lastKnownFileType = text.json; path = questions.json; sourceTree = "<group>"; };
		C87BBDB829CE0F880008C18E /* GameViewModel.swift */ = {isa = PBXFileReference; lastKnownFileType = sourcecode.swift; path = GameViewModel.swift; sourceTree = "<group>"; };
		C87BBDBA29CE11B00008C18E /* HeroFont.swift */ = {isa = PBXFileReference; lastKnownFileType = sourcecode.swift; path = HeroFont.swift; sourceTree = "<group>"; };
		C87BBDBC29CE14390008C18E /* HalfCircle.swift */ = {isa = PBXFileReference; lastKnownFileType = sourcecode.swift; path = HalfCircle.swift; sourceTree = "<group>"; };
		C87BBDBF29CE1E960008C18E /* AnswerBox.swift */ = {isa = PBXFileReference; lastKnownFileType = sourcecode.swift; path = AnswerBox.swift; sourceTree = "<group>"; };
/* End PBXFileReference section */

/* Begin PBXFrameworksBuildPhase section */
		C87BBD6229CC89730008C18E /* Frameworks */ = {
			isa = PBXFrameworksBuildPhase;
			buildActionMask = 2147483647;
			files = (
			);
			runOnlyForDeploymentPostprocessing = 0;
		};
/* End PBXFrameworksBuildPhase section */

/* Begin PBXGroup section */
		C87BBD5C29CC89730008C18E = {
			isa = PBXGroup;
			children = (
				C87BBD6729CC89730008C18E /* Earth Heroes */,
				C87BBD6629CC89730008C18E /* Products */,
			);
			sourceTree = "<group>";
		};
		C87BBD6629CC89730008C18E /* Products */ = {
			isa = PBXGroup;
			children = (
				C87BBD6529CC89730008C18E /* Earth Heroes.app */,
			);
			name = Products;
			sourceTree = "<group>";
		};
		C87BBD6729CC89730008C18E /* Earth Heroes */ = {
			isa = PBXGroup;
			children = (
				C87BBDA229CDF36A0008C18E /* Earth-Heroes-Info.plist */,
				C87BBD8529CDE3D80008C18E /* Custom */,
				C87BBD7E29CDDC510008C18E /* Model */,
				C87BBD7F29CDDC560008C18E /* ViewModel */,
				C87BBD8029CDDC5B0008C18E /* View */,
				C87BBD7629CC8A370008C18E /* Earth Heroes.entitlements */,
				C87BBD6829CC89730008C18E /* Earth_HeroesApp.swift */,
				C87BBD6A29CC89730008C18E /* ContentView.swift */,
				C87BBDB629CE0F460008C18E /* questions.json */,
				C87BBD6C29CC89740008C18E /* Assets.xcassets */,
				C87BBD6E29CC89740008C18E /* Preview Content */,
			);
			path = "Earth Heroes";
			sourceTree = "<group>";
		};
		C87BBD6E29CC89740008C18E /* Preview Content */ = {
			isa = PBXGroup;
			children = (
				C87BBD6F29CC89740008C18E /* Preview Assets.xcassets */,
			);
			path = "Preview Content";
			sourceTree = "<group>";
		};
		C87BBD7E29CDDC510008C18E /* Model */ = {
			isa = PBXGroup;
			children = (
				C87BBD9129CDEB560008C18E /* HeroPage.swift */,
				C87BBDB029CE00C90008C18E /* Game.swift */,
				C87BBDB229CE01400008C18E /* Question.swift */,
			);
			path = Model;
			sourceTree = "<group>";
		};
		C87BBD7F29CDDC560008C18E /* ViewModel */ = {
			isa = PBXGroup;
			children = (
				C87BBD9329CDEB790008C18E /* AppViewModel.swift */,
				C87BBDB829CE0F880008C18E /* GameViewModel.swift */,
			);
			path = ViewModel;
			sourceTree = "<group>";
		};
		C87BBD8029CDDC5B0008C18E /* View */ = {
			isa = PBXGroup;
			children = (
				C87BBDBE29CE1E8B0008C18E /* Components */,
				C87BBD8829CDEA4C0008C18E /* Game */,
				C87BBD8129CDDDE10008C18E /* GameView.swift */,
				C87BBD8329CDDDE90008C18E /* FunfactsView.swift */,
			);
			path = View;
			sourceTree = "<group>";
		};
		C87BBD8529CDE3D80008C18E /* Custom */ = {
			isa = PBXGroup;
			children = (
				C87BBDA529CDF5300008C18E /* Tabbar */,
				C87BBD9729CDF3430008C18E /* Londrina */,
				C87BBD8629CDE3E10008C18E /* HeroButton.swift */,
				C87BBD9529CDF02D0008C18E /* PageBar.swift */,
				C87BBDA329CDF3B60008C18E /* HeroTitle.swift */,
				C87BBDBC29CE14390008C18E /* HalfCircle.swift */,
			);
			path = Custom;
			sourceTree = "<group>";
		};
		C87BBD8829CDEA4C0008C18E /* Game */ = {
			isa = PBXGroup;
			children = (
				C87BBD8929CDEA8C0008C18E /* GameplayView.swift */,
				C87BBD8B29CDEA9A0008C18E /* ScoreboardView.swift */,
				C87BBD8D29CDEAA50008C18E /* AchievementsView.swift */,
				C87BBD8F29CDEAAD0008C18E /* SettingsView.swift */,
			);
			path = Game;
			sourceTree = "<group>";
		};
		C87BBD9729CDF3430008C18E /* Londrina */ = {
			isa = PBXGroup;
			children = (
				C87BBD9829CDF34D0008C18E /* LondrinaSolid-Black.ttf */,
				C87BBD9B29CDF34D0008C18E /* LondrinaSolid-Light.ttf */,
				C87BBD9C29CDF34D0008C18E /* LondrinaSolid-Regular.ttf */,
				C87BBD9929CDF34D0008C18E /* LondrinaSolid-Thin.ttf */,
				C87BBD9A29CDF34D0008C18E /* OFL.txt */,
				C87BBDBA29CE11B00008C18E /* HeroFont.swift */,
			);
			path = Londrina;
			sourceTree = "<group>";
		};
		C87BBDA529CDF5300008C18E /* Tabbar */ = {
			isa = PBXGroup;
			children = (
				C87BBDAE29CDF5C80008C18E /* UIDevice.swift */,
				C87BBDA929CDF53D0008C18E /* CustomTabBarContainerView.swift */,
				C87BBDA629CDF53D0008C18E /* CustomTabBarView.swift */,
				C87BBDA829CDF53D0008C18E /* TabBarItem.swift */,
				C87BBDA729CDF53D0008C18E /* TabBarItemsPreferenceKey.swift */,
			);
			path = Tabbar;
			sourceTree = "<group>";
		};
		C87BBDBE29CE1E8B0008C18E /* Components */ = {
			isa = PBXGroup;
			children = (
				C87BBDBF29CE1E960008C18E /* AnswerBox.swift */,
			);
			path = Components;
			sourceTree = "<group>";
		};
/* End PBXGroup section */

/* Begin PBXNativeTarget section */
		C87BBD6429CC89730008C18E /* Earth Heroes */ = {
			isa = PBXNativeTarget;
			buildConfigurationList = C87BBD7329CC89740008C18E /* Build configuration list for PBXNativeTarget "Earth Heroes" */;
			buildPhases = (
				C87BBD6129CC89730008C18E /* Sources */,
				C87BBD6229CC89730008C18E /* Frameworks */,
				C87BBD6329CC89730008C18E /* Resources */,
			);
			buildRules = (
			);
			dependencies = (
			);
			name = "Earth Heroes";
			productName = "Earth Heroes";
			productReference = C87BBD6529CC89730008C18E /* Earth Heroes.app */;
			productType = "com.apple.product-type.application";
		};
/* End PBXNativeTarget section */

/* Begin PBXProject section */
		C87BBD5D29CC89730008C18E /* Project object */ = {
			isa = PBXProject;
			attributes = {
				BuildIndependentTargetsInParallel = 1;
				LastSwiftUpdateCheck = 1420;
				LastUpgradeCheck = 1420;
				TargetAttributes = {
					C87BBD6429CC89730008C18E = {
						CreatedOnToolsVersion = 14.2;
					};
				};
			};
			buildConfigurationList = C87BBD6029CC89730008C18E /* Build configuration list for PBXProject "Earth Heroes" */;
			compatibilityVersion = "Xcode 14.0";
			developmentRegion = en;
			hasScannedForEncodings = 0;
			knownRegions = (
				en,
				Base,
			);
			mainGroup = C87BBD5C29CC89730008C18E;
			productRefGroup = C87BBD6629CC89730008C18E /* Products */;
			projectDirPath = "";
			projectRoot = "";
			targets = (
				C87BBD6429CC89730008C18E /* Earth Heroes */,
			);
		};
/* End PBXProject section */

/* Begin PBXResourcesBuildPhase section */
		C87BBD6329CC89730008C18E /* Resources */ = {
			isa = PBXResourcesBuildPhase;
			buildActionMask = 2147483647;
			files = (
				C87BBDA029CDF34D0008C18E /* LondrinaSolid-Light.ttf in Resources */,
				C87BBDB729CE0F460008C18E /* questions.json in Resources */,
				C87BBD9F29CDF34D0008C18E /* OFL.txt in Resources */,
				C87BBD9E29CDF34D0008C18E /* LondrinaSolid-Thin.ttf in Resources */,
				C87BBD7029CC89740008C18E /* Preview Assets.xcassets in Resources */,
				C87BBD9D29CDF34D0008C18E /* LondrinaSolid-Black.ttf in Resources */,
				C87BBDA129CDF34D0008C18E /* LondrinaSolid-Regular.ttf in Resources */,
				C87BBD6D29CC89740008C18E /* Assets.xcassets in Resources */,
			);
			runOnlyForDeploymentPostprocessing = 0;
		};
/* End PBXResourcesBuildPhase section */

/* Begin PBXSourcesBuildPhase section */
		C87BBD6129CC89730008C18E /* Sources */ = {
			isa = PBXSourcesBuildPhase;
			buildActionMask = 2147483647;
			files = (
				C87BBD8E29CDEAA50008C18E /* AchievementsView.swift in Sources */,
				C87BBDAF29CDF5C80008C18E /* UIDevice.swift in Sources */,
				C87BBD8A29CDEA8C0008C18E /* GameplayView.swift in Sources */,
				C87BBD6B29CC89730008C18E /* ContentView.swift in Sources */,
				C87BBD9029CDEAAD0008C18E /* SettingsView.swift in Sources */,
				C87BBDB329CE01400008C18E /* Question.swift in Sources */,
				C87BBD8229CDDDE10008C18E /* GameView.swift in Sources */,
				C87BBD8429CDDDE90008C18E /* FunfactsView.swift in Sources */,
				C87BBDC029CE1E960008C18E /* AnswerBox.swift in Sources */,
				C87BBDBD29CE14390008C18E /* HalfCircle.swift in Sources */,
				C87BBDAC29CDF53D0008C18E /* TabBarItem.swift in Sources */,
				C87BBD9629CDF02D0008C18E /* PageBar.swift in Sources */,
				C87BBDAA29CDF53D0008C18E /* CustomTabBarView.swift in Sources */,
				C87BBD9229CDEB560008C18E /* HeroPage.swift in Sources */,
				C87BBDAB29CDF53D0008C18E /* TabBarItemsPreferenceKey.swift in Sources */,
				C87BBDB929CE0F880008C18E /* GameViewModel.swift in Sources */,
				C87BBD8C29CDEA9A0008C18E /* ScoreboardView.swift in Sources */,
				C87BBD9429CDEB790008C18E /* AppViewModel.swift in Sources */,
				C87BBDB129CE00C90008C18E /* Game.swift in Sources */,
				C87BBDBB29CE11B00008C18E /* HeroFont.swift in Sources */,
				C87BBDAD29CDF53D0008C18E /* CustomTabBarContainerView.swift in Sources */,
				C87BBDA429CDF3B60008C18E /* HeroTitle.swift in Sources */,
				C87BBD8729CDE3E10008C18E /* HeroButton.swift in Sources */,
				C87BBD6929CC89730008C18E /* Earth_HeroesApp.swift in Sources */,
			);
			runOnlyForDeploymentPostprocessing = 0;
		};
/* End PBXSourcesBuildPhase section */

/* Begin XCBuildConfiguration section */
		C87BBD7129CC89740008C18E /* Debug */ = {
			isa = XCBuildConfiguration;
			buildSettings = {
				ALWAYS_SEARCH_USER_PATHS = NO;
				CLANG_ANALYZER_NONNULL = YES;
				CLANG_ANALYZER_NUMBER_OBJECT_CONVERSION = YES_AGGRESSIVE;
				CLANG_CXX_LANGUAGE_STANDARD = "gnu++20";
				CLANG_ENABLE_MODULES = YES;
				CLANG_ENABLE_OBJC_ARC = YES;
				CLANG_ENABLE_OBJC_WEAK = YES;
				CLANG_WARN_BLOCK_CAPTURE_AUTORELEASING = YES;
				CLANG_WARN_BOOL_CONVERSION = YES;
				CLANG_WARN_COMMA = YES;
				CLANG_WARN_CONSTANT_CONVERSION = YES;
				CLANG_WARN_DEPRECATED_OBJC_IMPLEMENTATIONS = YES;
				CLANG_WARN_DIRECT_OBJC_ISA_USAGE = YES_ERROR;
				CLANG_WARN_DOCUMENTATION_COMMENTS = YES;
				CLANG_WARN_EMPTY_BODY = YES;
				CLANG_WARN_ENUM_CONVERSION = YES;
				CLANG_WARN_INFINITE_RECURSION = YES;
				CLANG_WARN_INT_CONVERSION = YES;
				CLANG_WARN_NON_LITERAL_NULL_CONVERSION = YES;
				CLANG_WARN_OBJC_IMPLICIT_RETAIN_SELF = YES;
				CLANG_WARN_OBJC_LITERAL_CONVERSION = YES;
				CLANG_WARN_OBJC_ROOT_CLASS = YES_ERROR;
				CLANG_WARN_QUOTED_INCLUDE_IN_FRAMEWORK_HEADER = YES;
				CLANG_WARN_RANGE_LOOP_ANALYSIS = YES;
				CLANG_WARN_STRICT_PROTOTYPES = YES;
				CLANG_WARN_SUSPICIOUS_MOVE = YES;
				CLANG_WARN_UNGUARDED_AVAILABILITY = YES_AGGRESSIVE;
				CLANG_WARN_UNREACHABLE_CODE = YES;
				CLANG_WARN__DUPLICATE_METHOD_MATCH = YES;
				COPY_PHASE_STRIP = NO;
				DEBUG_INFORMATION_FORMAT = dwarf;
				ENABLE_STRICT_OBJC_MSGSEND = YES;
				ENABLE_TESTABILITY = YES;
				GCC_C_LANGUAGE_STANDARD = gnu11;
				GCC_DYNAMIC_NO_PIC = NO;
				GCC_NO_COMMON_BLOCKS = YES;
				GCC_OPTIMIZATION_LEVEL = 0;
				GCC_PREPROCESSOR_DEFINITIONS = (
					"DEBUG=1",
					"$(inherited)",
				);
				GCC_WARN_64_TO_32_BIT_CONVERSION = YES;
				GCC_WARN_ABOUT_RETURN_TYPE = YES_ERROR;
				GCC_WARN_UNDECLARED_SELECTOR = YES;
				GCC_WARN_UNINITIALIZED_AUTOS = YES_AGGRESSIVE;
				GCC_WARN_UNUSED_FUNCTION = YES;
				GCC_WARN_UNUSED_VARIABLE = YES;
				IPHONEOS_DEPLOYMENT_TARGET = 15.0;
				MTL_ENABLE_DEBUG_INFO = INCLUDE_SOURCE;
				MTL_FAST_MATH = YES;
				ONLY_ACTIVE_ARCH = YES;
				SDKROOT = iphoneos;
				SWIFT_ACTIVE_COMPILATION_CONDITIONS = DEBUG;
				SWIFT_OPTIMIZATION_LEVEL = "-Onone";
			};
			name = Debug;
		};
		C87BBD7229CC89740008C18E /* Release */ = {
			isa = XCBuildConfiguration;
			buildSettings = {
				ALWAYS_SEARCH_USER_PATHS = NO;
				CLANG_ANALYZER_NONNULL = YES;
				CLANG_ANALYZER_NUMBER_OBJECT_CONVERSION = YES_AGGRESSIVE;
				CLANG_CXX_LANGUAGE_STANDARD = "gnu++20";
				CLANG_ENABLE_MODULES = YES;
				CLANG_ENABLE_OBJC_ARC = YES;
				CLANG_ENABLE_OBJC_WEAK = YES;
				CLANG_WARN_BLOCK_CAPTURE_AUTORELEASING = YES;
				CLANG_WARN_BOOL_CONVERSION = YES;
				CLANG_WARN_COMMA = YES;
				CLANG_WARN_CONSTANT_CONVERSION = YES;
				CLANG_WARN_DEPRECATED_OBJC_IMPLEMENTATIONS = YES;
				CLANG_WARN_DIRECT_OBJC_ISA_USAGE = YES_ERROR;
				CLANG_WARN_DOCUMENTATION_COMMENTS = YES;
				CLANG_WARN_EMPTY_BODY = YES;
				CLANG_WARN_ENUM_CONVERSION = YES;
				CLANG_WARN_INFINITE_RECURSION = YES;
				CLANG_WARN_INT_CONVERSION = YES;
				CLANG_WARN_NON_LITERAL_NULL_CONVERSION = YES;
				CLANG_WARN_OBJC_IMPLICIT_RETAIN_SELF = YES;
				CLANG_WARN_OBJC_LITERAL_CONVERSION = YES;
				CLANG_WARN_OBJC_ROOT_CLASS = YES_ERROR;
				CLANG_WARN_QUOTED_INCLUDE_IN_FRAMEWORK_HEADER = YES;
				CLANG_WARN_RANGE_LOOP_ANALYSIS = YES;
				CLANG_WARN_STRICT_PROTOTYPES = YES;
				CLANG_WARN_SUSPICIOUS_MOVE = YES;
				CLANG_WARN_UNGUARDED_AVAILABILITY = YES_AGGRESSIVE;
				CLANG_WARN_UNREACHABLE_CODE = YES;
				CLANG_WARN__DUPLICATE_METHOD_MATCH = YES;
				COPY_PHASE_STRIP = NO;
				DEBUG_INFORMATION_FORMAT = "dwarf-with-dsym";
				ENABLE_NS_ASSERTIONS = NO;
				ENABLE_STRICT_OBJC_MSGSEND = YES;
				GCC_C_LANGUAGE_STANDARD = gnu11;
				GCC_NO_COMMON_BLOCKS = YES;
				GCC_WARN_64_TO_32_BIT_CONVERSION = YES;
				GCC_WARN_ABOUT_RETURN_TYPE = YES_ERROR;
				GCC_WARN_UNDECLARED_SELECTOR = YES;
				GCC_WARN_UNINITIALIZED_AUTOS = YES_AGGRESSIVE;
				GCC_WARN_UNUSED_FUNCTION = YES;
				GCC_WARN_UNUSED_VARIABLE = YES;
				IPHONEOS_DEPLOYMENT_TARGET = 15.0;
				MTL_ENABLE_DEBUG_INFO = NO;
				MTL_FAST_MATH = YES;
				SDKROOT = iphoneos;
				SWIFT_COMPILATION_MODE = wholemodule;
				SWIFT_OPTIMIZATION_LEVEL = "-O";
				VALIDATE_PRODUCT = YES;
			};
			name = Release;
		};
		C87BBD7429CC89740008C18E /* Debug */ = {
			isa = XCBuildConfiguration;
			buildSettings = {
				ASSETCATALOG_COMPILER_APPICON_NAME = AppIcon;
				ASSETCATALOG_COMPILER_GLOBAL_ACCENT_COLOR_NAME = AccentColor;
				CODE_SIGN_ENTITLEMENTS = "Earth Heroes/Earth Heroes.entitlements";
				CODE_SIGN_STYLE = Automatic;
				CURRENT_PROJECT_VERSION = 1;
				DEVELOPMENT_ASSET_PATHS = "\"Earth Heroes/Preview Content\"";
				DEVELOPMENT_TEAM = 7AGNJTPT6V;
				ENABLE_PREVIEWS = YES;
				GENERATE_INFOPLIST_FILE = YES;
				INFOPLIST_FILE = "Earth-Heroes-Info.plist";
				INFOPLIST_KEY_CFBundleDisplayName = "Herosi Ziemi";
				INFOPLIST_KEY_LSApplicationCategoryType = "public.app-category.kids-games";
				INFOPLIST_KEY_UIApplicationSceneManifest_Generation = YES;
				INFOPLIST_KEY_UIApplicationSupportsIndirectInputEvents = YES;
				INFOPLIST_KEY_UILaunchScreen_Generation = YES;
				INFOPLIST_KEY_UISupportedInterfaceOrientations_iPad = "UIInterfaceOrientationPortrait UIInterfaceOrientationPortraitUpsideDown UIInterfaceOrientationLandscapeLeft UIInterfaceOrientationLandscapeRight";
				INFOPLIST_KEY_UISupportedInterfaceOrientations_iPhone = "UIInterfaceOrientationPortrait UIInterfaceOrientationLandscapeLeft UIInterfaceOrientationLandscapeRight";
				IPHONEOS_DEPLOYMENT_TARGET = 15.0;
				LD_RUNPATH_SEARCH_PATHS = (
					"$(inherited)",
					"@executable_path/Frameworks",
				);
				MARKETING_VERSION = 1.0;
				PRODUCT_BUNDLE_IDENTIFIER = "com.kubamilcarz.Earth-Heroes";
				PRODUCT_NAME = "$(TARGET_NAME)";
				SWIFT_EMIT_LOC_STRINGS = YES;
				SWIFT_VERSION = 5.0;
				TARGETED_DEVICE_FAMILY = "1,2";
			};
			name = Debug;
		};
		C87BBD7529CC89740008C18E /* Release */ = {
			isa = XCBuildConfiguration;
			buildSettings = {
				ASSETCATALOG_COMPILER_APPICON_NAME = AppIcon;
				ASSETCATALOG_COMPILER_GLOBAL_ACCENT_COLOR_NAME = AccentColor;
				CODE_SIGN_ENTITLEMENTS = "Earth Heroes/Earth Heroes.entitlements";
				CODE_SIGN_STYLE = Automatic;
				CURRENT_PROJECT_VERSION = 1;
				DEVELOPMENT_ASSET_PATHS = "\"Earth Heroes/Preview Content\"";
				DEVELOPMENT_TEAM = 7AGNJTPT6V;
				ENABLE_PREVIEWS = YES;
				GENERATE_INFOPLIST_FILE = YES;
				INFOPLIST_FILE = "Earth-Heroes-Info.plist";
				INFOPLIST_KEY_CFBundleDisplayName = "Herosi Ziemi";
				INFOPLIST_KEY_LSApplicationCategoryType = "public.app-category.kids-games";
				INFOPLIST_KEY_UIApplicationSceneManifest_Generation = YES;
				INFOPLIST_KEY_UIApplicationSupportsIndirectInputEvents = YES;
				INFOPLIST_KEY_UILaunchScreen_Generation = YES;
				INFOPLIST_KEY_UISupportedInterfaceOrientations_iPad = "UIInterfaceOrientationPortrait UIInterfaceOrientationPortraitUpsideDown UIInterfaceOrientationLandscapeLeft UIInterfaceOrientationLandscapeRight";
				INFOPLIST_KEY_UISupportedInterfaceOrientations_iPhone = "UIInterfaceOrientationPortrait UIInterfaceOrientationLandscapeLeft UIInterfaceOrientationLandscapeRight";
				IPHONEOS_DEPLOYMENT_TARGET = 15.0;
				LD_RUNPATH_SEARCH_PATHS = (
					"$(inherited)",
					"@executable_path/Frameworks",
				);
				MARKETING_VERSION = 1.0;
				PRODUCT_BUNDLE_IDENTIFIER = "com.kubamilcarz.Earth-Heroes";
				PRODUCT_NAME = "$(TARGET_NAME)";
				SWIFT_EMIT_LOC_STRINGS = YES;
				SWIFT_VERSION = 5.0;
				TARGETED_DEVICE_FAMILY = "1,2";
			};
			name = Release;
		};
/* End XCBuildConfiguration section */

/* Begin XCConfigurationList section */
		C87BBD6029CC89730008C18E /* Build configuration list for PBXProject "Earth Heroes" */ = {
			isa = XCConfigurationList;
			buildConfigurations = (
				C87BBD7129CC89740008C18E /* Debug */,
				C87BBD7229CC89740008C18E /* Release */,
			);
			defaultConfigurationIsVisible = 0;
			defaultConfigurationName = Release;
		};
		C87BBD7329CC89740008C18E /* Build configuration list for PBXNativeTarget "Earth Heroes" */ = {
			isa = XCConfigurationList;
			buildConfigurations = (
				C87BBD7429CC89740008C18E /* Debug */,
				C87BBD7529CC89740008C18E /* Release */,
			);
			defaultConfigurationIsVisible = 0;
			defaultConfigurationName = Release;
		};
/* End XCConfigurationList section */
	};
	rootObject = C87BBD5D29CC89730008C18E /* Project object */;
}
